
Microsoft Visual Studio Solution File, Format Version 12.00
# Visual Studio 15
Project("{FAE04EC0-301F-11D3-BF4B-00C04F79EFBC}") = "currencyconverter", "currencyconverter\currencyconverter.csproj", "{582FB699-D415-4FD0-842B-7D7821241685}"
EndProject
Project("{FAE04EC0-301F-11D3-BF4B-00C04F79EFBC}") = "currencyconverter.Droid", "Droid\currencyconverter.Droid.csproj", "{F636D62F-9DB9-4B8B-A21B-AB2769F6A7EC}"
EndProject
Project("{FAE04EC0-301F-11D3-BF4B-00C04F79EFBC}") = "currencyconverter.iOS", "iOS\currencyconverter.iOS.csproj", "{5DFD3338-DA90-4CCF-810F-5551A70FC9BA}"
EndProject
Project("{FAE04EC0-301F-11D3-BF4B-00C04F79EFBC}") = "UnitTest", "UnitTest\UnitTest.csproj", "{F5FA0D51-8FD3-4B1A-B812-D498E198EFF9}"
EndProject
Global
	GlobalSection(SolutionConfigurationPlatforms) = preSolution
		Debug|Any CPU = Debug|Any CPU
		Release|Any CPU = Release|Any CPU
		Debug|iPhoneSimulator = Debug|iPhoneSimulator
		Release|iPhone = Release|iPhone
		Release|iPhoneSimulator = Release|iPhoneSimulator
		Debug|iPhone = Debug|iPhone
	EndGlobalSection
	GlobalSection(ProjectConfigurationPlatforms) = postSolution
		{582FB699-D415-4FD0-842B-7D7821241685}.Debug|Any CPU.ActiveCfg = Debug|Any CPU
		{582FB699-D415-4FD0-842B-7D7821241685}.Debug|Any CPU.Build.0 = Debug|Any CPU
		{582FB699-D415-4FD0-842B-7D7821241685}.Release|Any CPU.ActiveCfg = Release|Any CPU
		{582FB699-D415-4FD0-842B-7D7821241685}.Release|Any CPU.Build.0 = Release|Any CPU
		{582FB699-D415-4FD0-842B-7D7821241685}.Debug|iPhoneSimulator.ActiveCfg = Debug|Any CPU
		{582FB699-D415-4FD0-842B-7D7821241685}.Debug|iPhoneSimulator.Build.0 = Debug|Any CPU
		{582FB699-D415-4FD0-842B-7D7821241685}.Release|iPhone.ActiveCfg = Release|Any CPU
		{582FB699-D415-4FD0-842B-7D7821241685}.Release|iPhone.Build.0 = Release|Any CPU
		{582FB699-D415-4FD0-842B-7D7821241685}.Release|iPhoneSimulator.ActiveCfg = Release|Any CPU
		{582FB699-D415-4FD0-842B-7D7821241685}.Release|iPhoneSimulator.Build.0 = Release|Any CPU
		{582FB699-D415-4FD0-842B-7D7821241685}.Debug|iPhone.ActiveCfg = Debug|Any CPU
		{582FB699-D415-4FD0-842B-7D7821241685}.Debug|iPhone.Build.0 = Debug|Any CPU
		{F636D62F-9DB9-4B8B-A21B-AB2769F6A7EC}.Debug|Any CPU.ActiveCfg = Debug|Any CPU
		{F636D62F-9DB9-4B8B-A21B-AB2769F6A7EC}.Debug|Any CPU.Build.0 = Debug|Any CPU
		{F636D62F-9DB9-4B8B-A21B-AB2769F6A7EC}.Release|Any CPU.ActiveCfg = Release|Any CPU
		{F636D62F-9DB9-4B8B-A21B-AB2769F6A7EC}.Release|Any CPU.Build.0 = Release|Any CPU
		{F636D62F-9DB9-4B8B-A21B-AB2769F6A7EC}.Debug|iPhoneSimulator.ActiveCfg = Debug|Any CPU
		{F636D62F-9DB9-4B8B-A21B-AB2769F6A7EC}.Debug|iPhoneSimulator.Build.0 = Debug|Any CPU
		{F636D62F-9DB9-4B8B-A21B-AB2769F6A7EC}.Release|iPhone.ActiveCfg = Release|Any CPU
		{F636D62F-9DB9-4B8B-A21B-AB2769F6A7EC}.Release|iPhone.Build.0 = Release|Any CPU
		{F636D62F-9DB9-4B8B-A21B-AB2769F6A7EC}.Release|iPhoneSimulator.ActiveCfg = Release|Any CPU
		{F636D62F-9DB9-4B8B-A21B-AB2769F6A7EC}.Release|iPhoneSimulator.Build.0 = Release|Any CPU
		{F636D62F-9DB9-4B8B-A21B-AB2769F6A7EC}.Debug|iPhone.ActiveCfg = Debug|Any CPU
		{F636D62F-9DB9-4B8B-A21B-AB2769F6A7EC}.Debug|iPhone.Build.0 = Debug|Any CPU
		{5DFD3338-DA90-4CCF-810F-5551A70FC9BA}.Debug|Any CPU.ActiveCfg = Debug|iPhoneSimulator
		{5DFD3338-DA90-4CCF-810F-5551A70FC9BA}.Debug|Any CPU.Build.0 = Debug|iPhoneSimulator
		{5DFD3338-DA90-4CCF-810F-5551A70FC9BA}.Release|Any CPU.ActiveCfg = Release|iPhone
		{5DFD3338-DA90-4CCF-810F-5551A70FC9BA}.Release|Any CPU.Build.0 = Release|iPhone
		{5DFD3338-DA90-4CCF-810F-5551A70FC9BA}.Debug|iPhoneSimulator.ActiveCfg = Debug|iPhoneSimulator
		{5DFD3338-DA90-4CCF-810F-5551A70FC9BA}.Debug|iPhoneSimulator.Build.0 = Debug|iPhoneSimulator
		{5DFD3338-DA90-4CCF-810F-5551A70FC9BA}.Release|iPhone.ActiveCfg = Release|iPhone
		{5DFD3338-DA90-4CCF-810F-5551A70FC9BA}.Release|iPhone.Build.0 = Release|iPhone
		{5DFD3338-DA90-4CCF-810F-5551A70FC9BA}.Release|iPhoneSimulator.ActiveCfg = Release|iPhoneSimulator
		{5DFD3338-DA90-4CCF-810F-5551A70FC9BA}.Release|iPhoneSimulator.Build.0 = Release|iPhoneSimulator
		{5DFD3338-DA90-4CCF-810F-5551A70FC9BA}.Debug|iPhone.ActiveCfg = Debug|iPhone
		{5DFD3338-DA90-4CCF-810F-5551A70FC9BA}.Debug|iPhone.Build.0 = Debug|iPhone
		{F5FA0D51-8FD3-4B1A-B812-D498E198EFF9}.Debug|Any CPU.ActiveCfg = Debug|Any CPU
		{F5FA0D51-8FD3-4B1A-B812-D498E198EFF9}.Debug|Any CPU.Build.0 = Debug|Any CPU
		{F5FA0D51-8FD3-4B1A-B812-D498E198EFF9}.Release|Any CPU.ActiveCfg = Release|Any CPU
		{F5FA0D51-8FD3-4B1A-B812-D498E198EFF9}.Release|Any CPU.Build.0 = Release|Any CPU
		{F5FA0D51-8FD3-4B1A-B812-D498E198EFF9}.Debug|iPhoneSimulator.ActiveCfg = Debug|Any CPU
		{F5FA0D51-8FD3-4B1A-B812-D498E198EFF9}.Debug|iPhoneSimulator.Build.0 = Debug|Any CPU
		{F5FA0D51-8FD3-4B1A-B812-D498E198EFF9}.Release|iPhone.ActiveCfg = Release|Any CPU
		{F5FA0D51-8FD3-4B1A-B812-D498E198EFF9}.Release|iPhone.Build.0 = Release|Any CPU
		{F5FA0D51-8FD3-4B1A-B812-D498E198EFF9}.Release|iPhoneSimulator.ActiveCfg = Release|Any CPU
		{F5FA0D51-8FD3-4B1A-B812-D498E198EFF9}.Release|iPhoneSimulator.Build.0 = Release|Any CPU
		{F5FA0D51-8FD3-4B1A-B812-D498E198EFF9}.Debug|iPhone.ActiveCfg = Debug|Any CPU
		{F5FA0D51-8FD3-4B1A-B812-D498E198EFF9}.Debug|iPhone.Build.0 = Debug|Any CPU
	EndGlobalSection
EndGlobal
